
Microsoft Visual Studio Solution File, Format Version 12.00
Project("{FAE04EC0-301F-11D3-BF4B-00C04F79EFBC}") = "Foreflight", "Foreflight\Foreflight.csproj", "{90FB2FCB-2372-4043-9DA5-B02CD370293D}"
EndProject
Global
	GlobalSection(SolutionConfigurationPlatforms) = preSolution
		Debug|Any CPU = Debug|Any CPU
		Release|Any CPU = Release|Any CPU
	EndGlobalSection
	GlobalSection(ProjectConfigurationPlatforms) = postSolution
		{90FB2FCB-2372-4043-9DA5-B02CD370293D}.Debug|Any CPU.ActiveCfg = Debug|Any CPU
		{90FB2FCB-2372-4043-9DA5-B02CD370293D}.Debug|Any CPU.Build.0 = Debug|Any CPU
		{90FB2FCB-2372-4043-9DA5-B02CD370293D}.Release|Any CPU.ActiveCfg = Release|Any CPU
		{90FB2FCB-2372-4043-9DA5-B02CD370293D}.Release|Any CPU.Build.0 = Release|Any CPU
	EndGlobalSection
EndGlobal
